Microsoft Visual Studio Solution File, Format Version 10.00
# Visual Studio 2008

Project("{9E890950-43C2-8ABD-3BF1-7C613F064CD1}") = "BumperBots", "Assembly-CSharp-firstpass-vs.csproj", "{AC12362C-CC30-590B-1778-9852FFC1ABD8}"
EndProject
Global
	GlobalSection(SolutionConfigurationPlatforms) = preSolution
		Debug|Any CPU = Debug|Any CPU
		Release|Any CPU = Release|Any CPU
	EndGlobalSection
	GlobalSection(ProjectConfigurationPlatforms) = postSolution
		{AC12362C-CC30-590B-1778-9852FFC1ABD8}.Debug|Any CPU.ActiveCfg = Debug|Any CPU
		{AC12362C-CC30-590B-1778-9852FFC1ABD8}.Debug|Any CPU.Build.0 = Debug|Any CPU
		{AC12362C-CC30-590B-1778-9852FFC1ABD8}.Release|Any CPU.ActiveCfg = Release|Any CPU
		{AC12362C-CC30-590B-1778-9852FFC1ABD8}.Release|Any CPU.Build.0 = Release|Any CPU
	EndGlobalSection
	GlobalSection(SolutionProperties) = preSolution
		HideSolutionNode = FALSE
	EndGlobalSection
	
EndGlobal
